// !$*UTF8*$!
{
	archiveVersion = 1;
	classes = {
	};
	objectVersion = 46;
	objects = {

/* Begin PBXBuildFile section */
		44035366176A29C700FD0DCE /* UIKit.framework in Frameworks */ = {isa = PBXBuildFile; fileRef = 44035365176A29C700FD0DCE /* UIKit.framework */; };
		44035368176A29C700FD0DCE /* Foundation.framework in Frameworks */ = {isa = PBXBuildFile; fileRef = 44035367176A29C700FD0DCE /* Foundation.framework */; };
		4403536A176A29C700FD0DCE /* CoreGraphics.framework in Frameworks */ = {isa = PBXBuildFile; fileRef = 44035369176A29C700FD0DCE /* CoreGraphics.framework */; };
		44035372176A29C700FD0DCE /* main.m in Sources */ = {isa = PBXBuildFile; fileRef = 44035371176A29C700FD0DCE /* main.m */; };
		44035376176A29C700FD0DCE /* SOAppDelegate.m in Sources */ = {isa = PBXBuildFile; fileRef = 44035375176A29C700FD0DCE /* SOAppDelegate.m */; };
		44035378176A29C700FD0DCE /* Default.png in Resources */ = {isa = PBXBuildFile; fileRef = 44035377176A29C700FD0DCE /* Default.png */; };
		4403537A176A29C700FD0DCE /* Default@2x.png in Resources */ = {isa = PBXBuildFile; fileRef = 44035379176A29C700FD0DCE /* Default@2x.png */; };
		4403537C176A29C700FD0DCE /* Default-568h@2x.png in Resources */ = {isa = PBXBuildFile; fileRef = 4403537B176A29C700FD0DCE /* Default-568h@2x.png */; };
		44035384176A29C700FD0DCE /* SenTestingKit.framework in Frameworks */ = {isa = PBXBuildFile; fileRef = 44035383176A29C700FD0DCE /* SenTestingKit.framework */; };
		44035385176A29C700FD0DCE /* UIKit.framework in Frameworks */ = {isa = PBXBuildFile; fileRef = 44035365176A29C700FD0DCE /* UIKit.framework */; };
		44035386176A29C700FD0DCE /* Foundation.framework in Frameworks */ = {isa = PBXBuildFile; fileRef = 44035367176A29C700FD0DCE /* Foundation.framework */; };
		4403539F176A29EE00FD0DCE /* SOGameViewController.m in Sources */ = {isa = PBXBuildFile; fileRef = 4403539B176A29EE00FD0DCE /* SOGameViewController.m */; };
		440353A0176A29EE00FD0DCE /* SOGameViewController.m in Sources */ = {isa = PBXBuildFile; fileRef = 4403539B176A29EE00FD0DCE /* SOGameViewController.m */; };
		440353A1176A29EE00FD0DCE /* SOCircle.m in Sources */ = {isa = PBXBuildFile; fileRef = 4403539D176A29EE00FD0DCE /* SOCircle.m */; };
		440353A2176A29EE00FD0DCE /* SOCircle.m in Sources */ = {isa = PBXBuildFile; fileRef = 4403539D176A29EE00FD0DCE /* SOCircle.m */; };
		440353A7176A2A4100FD0DCE /* QuartzCore.framework in Frameworks */ = {isa = PBXBuildFile; fileRef = 440353A5176A2A3100FD0DCE /* QuartzCore.framework */; };
		446540ED176E673800C6BCA3 /* InfoPlist.strings in Resources */ = {isa = PBXBuildFile; fileRef = 446540EF176E673800C6BCA3 /* InfoPlist.strings */; };
		446540F6176E6DD800C6BCA3 /* SOGameResultViewController.m in Sources */ = {isa = PBXBuildFile; fileRef = 446540F5176E6DD800C6BCA3 /* SOGameResultViewController.m */; };
		446540F9176E6E4C00C6BCA3 /* SOViewController.m in Sources */ = {isa = PBXBuildFile; fileRef = 446540F8176E6E4C00C6BCA3 /* SOViewController.m */; };
		446540FC176E726100C6BCA3 /* SOCodeDisplayView.m in Sources */ = {isa = PBXBuildFile; fileRef = 446540FB176E721E00C6BCA3 /* SOCodeDisplayView.m */; };
		4474C53B176AF2BB00FF5D7E /* SORecepticle.m in Sources */ = {isa = PBXBuildFile; fileRef = 4474C53A176AF2BB00FF5D7E /* SORecepticle.m */; };
		4474C53F176B756F00FF5D7E /* SOCodeSelectionView.m in Sources */ = {isa = PBXBuildFile; fileRef = 4474C53E176B756F00FF5D7E /* SOCodeSelectionView.m */; };
		4474C542176B986800FF5D7E /* SOPreviousGuessView.m in Sources */ = {isa = PBXBuildFile; fileRef = 4474C541176B986800FF5D7E /* SOPreviousGuessView.m */; };
		447EC2BA176CD7AB00CBD11C /* Mockup.jpeg in Resources */ = {isa = PBXBuildFile; fileRef = 447EC2B9176CD7AB00CBD11C /* Mockup.jpeg */; };
		447EC2C1176D0A3700CBD11C /* SOPassAndPlayViewController.m in Sources */ = {isa = PBXBuildFile; fileRef = 447EC2BC176D008400CBD11C /* SOPassAndPlayViewController.m */; };
		447EC2C4176D0B2E00CBD11C /* SOChooseCodeViewController.m in Sources */ = {isa = PBXBuildFile; fileRef = 447EC2C3176D0A6500CBD11C /* SOChooseCodeViewController.m */; };
		447EC2C7176D2CDF00CBD11C /* SOMessageViewController.m in Sources */ = {isa = PBXBuildFile; fileRef = 447EC2C6176D2C7C00CBD11C /* SOMessageViewController.m */; };
		447EC2CB176D328F00CBD11C /* SOPassAndPlayTransitionViewController.m in Sources */ = {isa = PBXBuildFile; fileRef = 447EC2C9176D323800CBD11C /* SOPassAndPlayTransitionViewController.m */; };
		447EC2CE176D33DF00CBD11C /* SOSubmitButton.m in Sources */ = {isa = PBXBuildFile; fileRef = 447EC2CD176D33C700CBD11C /* SOSubmitButton.m */; };
		447EC2F2176D42D300CBD11C /* Mockup2.jpeg in Resources */ = {isa = PBXBuildFile; fileRef = 447EC2F1176D42D300CBD11C /* Mockup2.jpeg */; };
		447EC2F7176D49EA00CBD11C /* submit_check_active.png in Resources */ = {isa = PBXBuildFile; fileRef = 447EC2F3176D49EA00CBD11C /* submit_check_active.png */; };
		447EC2F8176D49EA00CBD11C /* submit_check_active@2x.png in Resources */ = {isa = PBXBuildFile; fileRef = 447EC2F4176D49EA00CBD11C /* submit_check_active@2x.png */; };
		447EC2F9176D49EA00CBD11C /* submit_check.png in Resources */ = {isa = PBXBuildFile; fileRef = 447EC2F5176D49EA00CBD11C /* submit_check.png */; };
		447EC2FA176D49EA00CBD11C /* submit_check@2x.png in Resources */ = {isa = PBXBuildFile; fileRef = 447EC2F6176D49EA00CBD11C /* submit_check@2x.png */; };
		447EC300176D87EA00CBD11C /* SOGuessFeedbackIndicator.m in Sources */ = {isa = PBXBuildFile; fileRef = 447EC2FF176D877700CBD11C /* SOGuessFeedbackIndicator.m */; };
		44A64CB9176BD98300A3ECE6 /* SOPreviousGuessesView.m in Sources */ = {isa = PBXBuildFile; fileRef = 44A64CB8176BD7CE00A3ECE6 /* SOPreviousGuessesView.m */; };
		44A64CC0176BDCFD00A3ECE6 /* GothamHTF-Bold.otf in Resources */ = {isa = PBXBuildFile; fileRef = 44A64CBB176BDCFD00A3ECE6 /* GothamHTF-Bold.otf */; };
		44A64CC1176BDCFD00A3ECE6 /* GothamHTF-Book.otf in Resources */ = {isa = PBXBuildFile; fileRef = 44A64CBC176BDCFD00A3ECE6 /* GothamHTF-Book.otf */; };
		44A64CC2176BDCFD00A3ECE6 /* GothamHTF-Light.otf in Resources */ = {isa = PBXBuildFile; fileRef = 44A64CBD176BDCFD00A3ECE6 /* GothamHTF-Light.otf */; };
		44A64CC3176BDCFD00A3ECE6 /* GothamHTF-Medium.otf in Resources */ = {isa = PBXBuildFile; fileRef = 44A64CBE176BDCFD00A3ECE6 /* GothamHTF-Medium.otf */; };
		44A64CC4176BDCFD00A3ECE6 /* GothamHTF-Thin.otf in Resources */ = {isa = PBXBuildFile; fileRef = 44A64CBF176BDCFD00A3ECE6 /* GothamHTF-Thin.otf */; };
		44A64CC8176BDFE900A3ECE6 /* SOLine.m in Sources */ = {isa = PBXBuildFile; fileRef = 44A64CC7176BDF7B00A3ECE6 /* SOLine.m */; };
		44BA53C0176EF6B4001CD03A /* SODialogView.m in Sources */ = {isa = PBXBuildFile; fileRef = 44BA53BF176EF692001CD03A /* SODialogView.m */; };
		44BA53C1176EFAA5001CD03A /* SOTutorialViewController.m in Sources */ = {isa = PBXBuildFile; fileRef = 44BA53BD176EF668001CD03A /* SOTutorialViewController.m */; };
		44BA53C4176EFCF7001CD03A /* SODialogViewController.m in Sources */ = {isa = PBXBuildFile; fileRef = 44BA53C3176EFCDC001CD03A /* SODialogViewController.m */; };
		44BA53C8176F03C0001CD03A /* SOFirstTutorialViewController.m in Sources */ = {isa = PBXBuildFile; fileRef = 44BA53C7176F03B6001CD03A /* SOFirstTutorialViewController.m */; };
/* End PBXBuildFile section */

/* Begin PBXContainerItemProxy section */
		44035387176A29C700FD0DCE /* PBXContainerItemProxy */ = {
			isa = PBXContainerItemProxy;
			containerPortal = 4403535A176A29C700FD0DCE /* Project object */;
			proxyType = 1;
			remoteGlobalIDString = 44035361176A29C700FD0DCE;
			remoteInfo = DotGame;
		};
/* End PBXContainerItemProxy section */

/* Begin PBXFileReference section */
		44035362176A29C700FD0DCE /* SpotOn.app */ = {isa = PBXFileReference; explicitFileType = wrapper.application; includeInIndex = 0; path = SpotOn.app; sourceTree = BUILT_PRODUCTS_DIR; };
		44035365176A29C700FD0DCE /* UIKit.framework */ = {isa = PBXFileReference; lastKnownFileType = wrapper.framework; name = UIKit.framework; path = System/Library/Frameworks/UIKit.framework; sourceTree = SDKROOT; };
		44035367176A29C700FD0DCE /* Foundation.framework */ = {isa = PBXFileReference; lastKnownFileType = wrapper.framework; name = Foundation.framework; path = System/Library/Frameworks/Foundation.framework; sourceTree = SDKROOT; };
		44035369176A29C700FD0DCE /* CoreGraphics.framework */ = {isa = PBXFileReference; lastKnownFileType = wrapper.framework; name = CoreGraphics.framework; path = System/Library/Frameworks/CoreGraphics.framework; sourceTree = SDKROOT; };
		44035371176A29C700FD0DCE /* main.m */ = {isa = PBXFileReference; lastKnownFileType = sourcecode.c.objc; path = main.m; sourceTree = "<group>"; };
		44035373176A29C700FD0DCE /* SpotOn-Prefix.pch */ = {isa = PBXFileReference; lastKnownFileType = sourcecode.c.h; path = "SpotOn-Prefix.pch"; sourceTree = "<group>"; };
		44035374176A29C700FD0DCE /* SOAppDelegate.h */ = {isa = PBXFileReference; lastKnownFileType = sourcecode.c.h; path = SOAppDelegate.h; sourceTree = "<group>"; };
		44035375176A29C700FD0DCE /* SOAppDelegate.m */ = {isa = PBXFileReference; lastKnownFileType = sourcecode.c.objc; path = SOAppDelegate.m; sourceTree = "<group>"; };
		44035377176A29C700FD0DCE /* Default.png */ = {isa = PBXFileReference; lastKnownFileType = image.png; path = Default.png; sourceTree = "<group>"; };
		44035379176A29C700FD0DCE /* Default@2x.png */ = {isa = PBXFileReference; lastKnownFileType = image.png; path = "Default@2x.png"; sourceTree = "<group>"; };
		4403537B176A29C700FD0DCE /* Default-568h@2x.png */ = {isa = PBXFileReference; lastKnownFileType = image.png; path = "Default-568h@2x.png"; sourceTree = "<group>"; };
		44035382176A29C700FD0DCE /* SpotOnTests.octest */ = {isa = PBXFileReference; explicitFileType = wrapper.cfbundle; includeInIndex = 0; path = SpotOnTests.octest; sourceTree = BUILT_PRODUCTS_DIR; };
		44035383176A29C700FD0DCE /* SenTestingKit.framework */ = {isa = PBXFileReference; lastKnownFileType = wrapper.framework; name = SenTestingKit.framework; path = Library/Frameworks/SenTestingKit.framework; sourceTree = DEVELOPER_DIR; };
		4403539A176A29EE00FD0DCE /* SOGameViewController.h */ = {isa = PBXFileReference; fileEncoding = 4; lastKnownFileType = sourcecode.c.h; path = SOGameViewController.h; sourceTree = "<group>"; };
		4403539B176A29EE00FD0DCE /* SOGameViewController.m */ = {isa = PBXFileReference; fileEncoding = 4; lastKnownFileType = sourcecode.c.objc; path = SOGameViewController.m; sourceTree = "<group>"; };
		4403539C176A29EE00FD0DCE /* SOCircle.h */ = {isa = PBXFileReference; fileEncoding = 4; lastKnownFileType = sourcecode.c.h; path = SOCircle.h; sourceTree = "<group>"; };
		4403539D176A29EE00FD0DCE /* SOCircle.m */ = {isa = PBXFileReference; fileEncoding = 4; lastKnownFileType = sourcecode.c.objc; path = SOCircle.m; sourceTree = "<group>"; };
		440353A5176A2A3100FD0DCE /* QuartzCore.framework */ = {isa = PBXFileReference; lastKnownFileType = wrapper.framework; name = QuartzCore.framework; path = System/Library/Frameworks/QuartzCore.framework; sourceTree = SDKROOT; };
		446540EE176E673800C6BCA3 /* en */ = {isa = PBXFileReference; lastKnownFileType = text.plist.strings; name = en; path = en.lproj/InfoPlist.strings; sourceTree = "<group>"; };
		446540F1176E679300C6BCA3 /* SpotOn-Info.plist */ = {isa = PBXFileReference; fileEncoding = 4; lastKnownFileType = text.plist.xml; path = "SpotOn-Info.plist"; sourceTree = "<group>"; };
		446540F4176E6DD800C6BCA3 /* SOGameResultViewController.h */ = {isa = PBXFileReference; fileEncoding = 4; lastKnownFileType = sourcecode.c.h; path = SOGameResultViewController.h; sourceTree = "<group>"; };
		446540F5176E6DD800C6BCA3 /* SOGameResultViewController.m */ = {isa = PBXFileReference; fileEncoding = 4; lastKnownFileType = sourcecode.c.objc; path = SOGameResultViewController.m; sourceTree = "<group>"; };
		446540F7176E6E4C00C6BCA3 /* SOViewController.h */ = {isa = PBXFileReference; fileEncoding = 4; lastKnownFileType = sourcecode.c.h; path = SOViewController.h; sourceTree = "<group>"; };
		446540F8176E6E4C00C6BCA3 /* SOViewController.m */ = {isa = PBXFileReference; fileEncoding = 4; lastKnownFileType = sourcecode.c.objc; path = SOViewController.m; sourceTree = "<group>"; };
		446540FA176E721E00C6BCA3 /* SOCodeDisplayView.h */ = {isa = PBXFileReference; lastKnownFileType = sourcecode.c.h; path = SOCodeDisplayView.h; sourceTree = "<group>"; };
		446540FB176E721E00C6BCA3 /* SOCodeDisplayView.m */ = {isa = PBXFileReference; lastKnownFileType = sourcecode.c.objc; path = SOCodeDisplayView.m; sourceTree = "<group>"; };
		4474C539176AF2BB00FF5D7E /* SORecepticle.h */ = {isa = PBXFileReference; fileEncoding = 4; lastKnownFileType = sourcecode.c.h; path = SORecepticle.h; sourceTree = "<group>"; };
		4474C53A176AF2BB00FF5D7E /* SORecepticle.m */ = {isa = PBXFileReference; fileEncoding = 4; lastKnownFileType = sourcecode.c.objc; path = SORecepticle.m; sourceTree = "<group>"; };
		4474C53D176B756F00FF5D7E /* SOCodeSelectionView.h */ = {isa = PBXFileReference; fileEncoding = 4; lastKnownFileType = sourcecode.c.h; path = SOCodeSelectionView.h; sourceTree = "<group>"; };
		4474C53E176B756F00FF5D7E /* SOCodeSelectionView.m */ = {isa = PBXFileReference; fileEncoding = 4; lastKnownFileType = sourcecode.c.objc; path = SOCodeSelectionView.m; sourceTree = "<group>"; };
		4474C540176B986800FF5D7E /* SOPreviousGuessView.h */ = {isa = PBXFileReference; fileEncoding = 4; lastKnownFileType = sourcecode.c.h; path = SOPreviousGuessView.h; sourceTree = "<group>"; };
		4474C541176B986800FF5D7E /* SOPreviousGuessView.m */ = {isa = PBXFileReference; fileEncoding = 4; lastKnownFileType = sourcecode.c.objc; path = SOPreviousGuessView.m; sourceTree = "<group>"; };
		447EC2B9176CD7AB00CBD11C /* Mockup.jpeg */ = {isa = PBXFileReference; lastKnownFileType = image.jpeg; path = Mockup.jpeg; sourceTree = "<group>"; };
		447EC2BB176D008400CBD11C /* SOPassAndPlayViewController.h */ = {isa = PBXFileReference; lastKnownFileType = sourcecode.c.h; path = SOPassAndPlayViewController.h; sourceTree = "<group>"; };
		447EC2BC176D008400CBD11C /* SOPassAndPlayViewController.m */ = {isa = PBXFileReference; lastKnownFileType = sourcecode.c.objc; path = SOPassAndPlayViewController.m; sourceTree = "<group>"; };
		447EC2C2176D0A6500CBD11C /* SOChooseCodeViewController.h */ = {isa = PBXFileReference; lastKnownFileType = sourcecode.c.h; path = SOChooseCodeViewController.h; sourceTree = "<group>"; };
		447EC2C3176D0A6500CBD11C /* SOChooseCodeViewController.m */ = {isa = PBXFileReference; lastKnownFileType = sourcecode.c.objc; path = SOChooseCodeViewController.m; sourceTree = "<group>"; };
		447EC2C5176D2C7C00CBD11C /* SOMessageViewController.h */ = {isa = PBXFileReference; lastKnownFileType = sourcecode.c.h; path = SOMessageViewController.h; sourceTree = "<group>"; };
		447EC2C6176D2C7C00CBD11C /* SOMessageViewController.m */ = {isa = PBXFileReference; lastKnownFileType = sourcecode.c.objc; path = SOMessageViewController.m; sourceTree = "<group>"; };
		447EC2C8176D323800CBD11C /* SOPassAndPlayTransitionViewController.h */ = {isa = PBXFileReference; lastKnownFileType = sourcecode.c.h; path = SOPassAndPlayTransitionViewController.h; sourceTree = "<group>"; };
		447EC2C9176D323800CBD11C /* SOPassAndPlayTransitionViewController.m */ = {isa = PBXFileReference; lastKnownFileType = sourcecode.c.objc; path = SOPassAndPlayTransitionViewController.m; sourceTree = "<group>"; };
		447EC2CC176D33C700CBD11C /* SOSubmitButton.h */ = {isa = PBXFileReference; lastKnownFileType = sourcecode.c.h; path = SOSubmitButton.h; sourceTree = "<group>"; };
		447EC2CD176D33C700CBD11C /* SOSubmitButton.m */ = {isa = PBXFileReference; lastKnownFileType = sourcecode.c.objc; path = SOSubmitButton.m; sourceTree = "<group>"; };
		447EC2F1176D42D300CBD11C /* Mockup2.jpeg */ = {isa = PBXFileReference; lastKnownFileType = image.jpeg; path = Mockup2.jpeg; sourceTree = "<group>"; };
		447EC2F3176D49EA00CBD11C /* submit_check_active.png */ = {isa = PBXFileReference; lastKnownFileType = image.png; path = submit_check_active.png; sourceTree = "<group>"; };
		447EC2F4176D49EA00CBD11C /* submit_check_active@2x.png */ = {isa = PBXFileReference; lastKnownFileType = image.png; path = "submit_check_active@2x.png"; sourceTree = "<group>"; };
		447EC2F5176D49EA00CBD11C /* submit_check.png */ = {isa = PBXFileReference; lastKnownFileType = image.png; path = submit_check.png; sourceTree = "<group>"; };
		447EC2F6176D49EA00CBD11C /* submit_check@2x.png */ = {isa = PBXFileReference; lastKnownFileType = image.png; path = "submit_check@2x.png"; sourceTree = "<group>"; };
		447EC2FE176D877700CBD11C /* SOGuessFeedbackIndicator.h */ = {isa = PBXFileReference; lastKnownFileType = sourcecode.c.h; path = SOGuessFeedbackIndicator.h; sourceTree = "<group>"; };
		447EC2FF176D877700CBD11C /* SOGuessFeedbackIndicator.m */ = {isa = PBXFileReference; lastKnownFileType = sourcecode.c.objc; path = SOGuessFeedbackIndicator.m; sourceTree = "<group>"; };
		44A64CB7176BD7CE00A3ECE6 /* SOPreviousGuessesView.h */ = {isa = PBXFileReference; lastKnownFileType = sourcecode.c.h; path = SOPreviousGuessesView.h; sourceTree = "<group>"; };
		44A64CB8176BD7CE00A3ECE6 /* SOPreviousGuessesView.m */ = {isa = PBXFileReference; lastKnownFileType = sourcecode.c.objc; path = SOPreviousGuessesView.m; sourceTree = "<group>"; };
		44A64CBB176BDCFD00A3ECE6 /* GothamHTF-Bold.otf */ = {isa = PBXFileReference; lastKnownFileType = file; path = "GothamHTF-Bold.otf"; sourceTree = "<group>"; };
		44A64CBC176BDCFD00A3ECE6 /* GothamHTF-Book.otf */ = {isa = PBXFileReference; lastKnownFileType = file; path = "GothamHTF-Book.otf"; sourceTree = "<group>"; };
		44A64CBD176BDCFD00A3ECE6 /* GothamHTF-Light.otf */ = {isa = PBXFileReference; lastKnownFileType = file; path = "GothamHTF-Light.otf"; sourceTree = "<group>"; };
		44A64CBE176BDCFD00A3ECE6 /* GothamHTF-Medium.otf */ = {isa = PBXFileReference; lastKnownFileType = file; path = "GothamHTF-Medium.otf"; sourceTree = "<group>"; };
		44A64CBF176BDCFD00A3ECE6 /* GothamHTF-Thin.otf */ = {isa = PBXFileReference; lastKnownFileType = file; path = "GothamHTF-Thin.otf"; sourceTree = "<group>"; };
		44A64CC6176BDF7B00A3ECE6 /* SOLine.h */ = {isa = PBXFileReference; lastKnownFileType = sourcecode.c.h; path = SOLine.h; sourceTree = "<group>"; };
		44A64CC7176BDF7B00A3ECE6 /* SOLine.m */ = {isa = PBXFileReference; lastKnownFileType = sourcecode.c.objc; path = SOLine.m; sourceTree = "<group>"; };
		44BA53BC176EF668001CD03A /* SOTutorialViewController.h */ = {isa = PBXFileReference; lastKnownFileType = sourcecode.c.h; path = SOTutorialViewController.h; sourceTree = "<group>"; };
		44BA53BD176EF668001CD03A /* SOTutorialViewController.m */ = {isa = PBXFileReference; lastKnownFileType = sourcecode.c.objc; path = SOTutorialViewController.m; sourceTree = "<group>"; };
		44BA53BE176EF692001CD03A /* SODialogView.h */ = {isa = PBXFileReference; lastKnownFileType = sourcecode.c.h; path = SODialogView.h; sourceTree = "<group>"; };
		44BA53BF176EF692001CD03A /* SODialogView.m */ = {isa = PBXFileReference; lastKnownFileType = sourcecode.c.objc; path = SODialogView.m; sourceTree = "<group>"; };
		44BA53C2176EFCDC001CD03A /* SODialogViewController.h */ = {isa = PBXFileReference; lastKnownFileType = sourcecode.c.h; path = SODialogViewController.h; sourceTree = "<group>"; };
		44BA53C3176EFCDC001CD03A /* SODialogViewController.m */ = {isa = PBXFileReference; lastKnownFileType = sourcecode.c.objc; path = SODialogViewController.m; sourceTree = "<group>"; };
		44BA53C6176F03B6001CD03A /* SOFirstTutorialViewController.h */ = {isa = PBXFileReference; lastKnownFileType = sourcecode.c.h; path = SOFirstTutorialViewController.h; sourceTree = "<group>"; };
		44BA53C7176F03B6001CD03A /* SOFirstTutorialViewController.m */ = {isa = PBXFileReference; lastKnownFileType = sourcecode.c.objc; path = SOFirstTutorialViewController.m; sourceTree = "<group>"; };
/* End PBXFileReference section */

/* Begin PBXFrameworksBuildPhase section */
		4403535F176A29C700FD0DCE /* Frameworks */ = {
			isa = PBXFrameworksBuildPhase;
			buildActionMask = 2147483647;
			files = (
				440353A7176A2A4100FD0DCE /* QuartzCore.framework in Frameworks */,
				44035366176A29C700FD0DCE /* UIKit.framework in Frameworks */,
				44035368176A29C700FD0DCE /* Foundation.framework in Frameworks */,
				4403536A176A29C700FD0DCE /* CoreGraphics.framework in Frameworks */,
			);
			runOnlyForDeploymentPostprocessing = 0;
		};
		4403537E176A29C700FD0DCE /* Frameworks */ = {
			isa = PBXFrameworksBuildPhase;
			buildActionMask = 2147483647;
			files = (
				44035384176A29C700FD0DCE /* SenTestingKit.framework in Frameworks */,
				44035385176A29C700FD0DCE /* UIKit.framework in Frameworks */,
				44035386176A29C700FD0DCE /* Foundation.framework in Frameworks */,
			);
			runOnlyForDeploymentPostprocessing = 0;
		};
/* End PBXFrameworksBuildPhase section */

/* Begin PBXGroup section */
		44035359176A29C700FD0DCE = {
			isa = PBXGroup;
			children = (
				4403536B176A29C700FD0DCE /* SpotOn */,
				44035364176A29C700FD0DCE /* Frameworks */,
				44035363176A29C700FD0DCE /* Products */,
			);
			sourceTree = "<group>";
		};
		44035363176A29C700FD0DCE /* Products */ = {
			isa = PBXGroup;
			children = (
				44035362176A29C700FD0DCE /* SpotOn.app */,
				44035382176A29C700FD0DCE /* SpotOnTests.octest */,
			);
			name = Products;
			sourceTree = "<group>";
		};
		44035364176A29C700FD0DCE /* Frameworks */ = {
			isa = PBXGroup;
			children = (
				440353A5176A2A3100FD0DCE /* QuartzCore.framework */,
				44035365176A29C700FD0DCE /* UIKit.framework */,
				44035367176A29C700FD0DCE /* Foundation.framework */,
				44035369176A29C700FD0DCE /* CoreGraphics.framework */,
				44035383176A29C700FD0DCE /* SenTestingKit.framework */,
			);
			name = Frameworks;
			sourceTree = "<group>";
		};
		4403536B176A29C700FD0DCE /* SpotOn */ = {
			isa = PBXGroup;
			children = (
				447EC2C0176D00A800CBD11C /* UI */,
				447EC2BF176D009B00CBD11C /* Game Objects */,
				447EC2BE176D009100CBD11C /* AppDelegate */,
				447EC2BD176D008700CBD11C /* ViewControllers */,
				447EC2B9176CD7AB00CBD11C /* Mockup.jpeg */,
				447EC2F1176D42D300CBD11C /* Mockup2.jpeg */,
				447EC2CF176D37A200CBD11C /* Assets */,
				4403536C176A29C700FD0DCE /* Supporting Files */,
			);
			path = SpotOn;
			sourceTree = "<group>";
		};
		4403536C176A29C700FD0DCE /* Supporting Files */ = {
			isa = PBXGroup;
			children = (
				446540F1176E679300C6BCA3 /* SpotOn-Info.plist */,
				446540EF176E673800C6BCA3 /* InfoPlist.strings */,
				44035371176A29C700FD0DCE /* main.m */,
				44035373176A29C700FD0DCE /* SpotOn-Prefix.pch */,
				44035377176A29C700FD0DCE /* Default.png */,
				44035379176A29C700FD0DCE /* Default@2x.png */,
				4403537B176A29C700FD0DCE /* Default-568h@2x.png */,
			);
			name = "Supporting Files";
			sourceTree = "<group>";
		};
		447EC2BD176D008700CBD11C /* ViewControllers */ = {
			isa = PBXGroup;
			children = (
				44BA53C5176F0398001CD03A /* Tutorial */,
				447EC2CA176D323A00CBD11C /* Pass And Play */,
				447EC2C2176D0A6500CBD11C /* SOChooseCodeViewController.h */,
				447EC2C3176D0A6500CBD11C /* SOChooseCodeViewController.m */,
				4403539A176A29EE00FD0DCE /* SOGameViewController.h */,
				4403539B176A29EE00FD0DCE /* SOGameViewController.m */,
				447EC2C5176D2C7C00CBD11C /* SOMessageViewController.h */,
				447EC2C6176D2C7C00CBD11C /* SOMessageViewController.m */,
				446540F4176E6DD800C6BCA3 /* SOGameResultViewController.h */,
				446540F5176E6DD800C6BCA3 /* SOGameResultViewController.m */,
				446540F7176E6E4C00C6BCA3 /* SOViewController.h */,
				446540F8176E6E4C00C6BCA3 /* SOViewController.m */,
			);
			name = ViewControllers;
			sourceTree = "<group>";
		};
		447EC2BE176D009100CBD11C /* AppDelegate */ = {
			isa = PBXGroup;
			children = (
				44035374176A29C700FD0DCE /* SOAppDelegate.h */,
				44035375176A29C700FD0DCE /* SOAppDelegate.m */,
			);
			name = AppDelegate;
			sourceTree = "<group>";
		};
		447EC2BF176D009B00CBD11C /* Game Objects */ = {
			isa = PBXGroup;
			children = (
				4403539C176A29EE00FD0DCE /* SOCircle.h */,
				4403539D176A29EE00FD0DCE /* SOCircle.m */,
				4474C539176AF2BB00FF5D7E /* SORecepticle.h */,
				4474C53A176AF2BB00FF5D7E /* SORecepticle.m */,
			);
			name = "Game Objects";
			sourceTree = "<group>";
		};
		447EC2C0176D00A800CBD11C /* UI */ = {
			isa = PBXGroup;
			children = (
				44A64CC6176BDF7B00A3ECE6 /* SOLine.h */,
				44A64CC7176BDF7B00A3ECE6 /* SOLine.m */,
				4474C53D176B756F00FF5D7E /* SOCodeSelectionView.h */,
				4474C53E176B756F00FF5D7E /* SOCodeSelectionView.m */,
				4474C540176B986800FF5D7E /* SOPreviousGuessView.h */,
				4474C541176B986800FF5D7E /* SOPreviousGuessView.m */,
				44A64CB7176BD7CE00A3ECE6 /* SOPreviousGuessesView.h */,
				44A64CB8176BD7CE00A3ECE6 /* SOPreviousGuessesView.m */,
				447EC2CC176D33C700CBD11C /* SOSubmitButton.h */,
				447EC2CD176D33C700CBD11C /* SOSubmitButton.m */,
				447EC2FE176D877700CBD11C /* SOGuessFeedbackIndicator.h */,
				447EC2FF176D877700CBD11C /* SOGuessFeedbackIndicator.m */,
				446540FA176E721E00C6BCA3 /* SOCodeDisplayView.h */,
				446540FB176E721E00C6BCA3 /* SOCodeDisplayView.m */,
				44BA53BE176EF692001CD03A /* SODialogView.h */,
				44BA53BF176EF692001CD03A /* SODialogView.m */,
			);
			name = UI;
			sourceTree = "<group>";
		};
		447EC2CA176D323A00CBD11C /* Pass And Play */ = {
			isa = PBXGroup;
			children = (
				447EC2C8176D323800CBD11C /* SOPassAndPlayTransitionViewController.h */,
				447EC2C9176D323800CBD11C /* SOPassAndPlayTransitionViewController.m */,
				447EC2BB176D008400CBD11C /* SOPassAndPlayViewController.h */,
				447EC2BC176D008400CBD11C /* SOPassAndPlayViewController.m */,
			);
			name = "Pass And Play";
			sourceTree = "<group>";
		};
		447EC2CF176D37A200CBD11C /* Assets */ = {
			isa = PBXGroup;
			children = (
				447EC2D4176D37B400CBD11C /* Submit Button */,
				44A64CBA176BDC7B00A3ECE6 /* Fonts */,
			);
			name = Assets;
			sourceTree = "<group>";
		};
		447EC2D4176D37B400CBD11C /* Submit Button */ = {
			isa = PBXGroup;
			children = (
				447EC2F3176D49EA00CBD11C /* submit_check_active.png */,
				447EC2F4176D49EA00CBD11C /* submit_check_active@2x.png */,
				447EC2F5176D49EA00CBD11C /* submit_check.png */,
				447EC2F6176D49EA00CBD11C /* submit_check@2x.png */,
			);
			name = "Submit Button";
			sourceTree = "<group>";
		};
		44A64CBA176BDC7B00A3ECE6 /* Fonts */ = {
			isa = PBXGroup;
			children = (
				44A64CBB176BDCFD00A3ECE6 /* GothamHTF-Bold.otf */,
				44A64CBC176BDCFD00A3ECE6 /* GothamHTF-Book.otf */,
				44A64CBD176BDCFD00A3ECE6 /* GothamHTF-Light.otf */,
				44A64CBE176BDCFD00A3ECE6 /* GothamHTF-Medium.otf */,
				44A64CBF176BDCFD00A3ECE6 /* GothamHTF-Thin.otf */,
			);
			name = Fonts;
			sourceTree = "<group>";
		};
		44BA53C5176F0398001CD03A /* Tutorial */ = {
			isa = PBXGroup;
			children = (
				44BA53BC176EF668001CD03A /* SOTutorialViewController.h */,
				44BA53BD176EF668001CD03A /* SOTutorialViewController.m */,
				44BA53C2176EFCDC001CD03A /* SODialogViewController.h */,
				44BA53C3176EFCDC001CD03A /* SODialogViewController.m */,
				44BA53C6176F03B6001CD03A /* SOFirstTutorialViewController.h */,
				44BA53C7176F03B6001CD03A /* SOFirstTutorialViewController.m */,
			);
			name = Tutorial;
			sourceTree = "<group>";
		};
/* End PBXGroup section */

/* Begin PBXNativeTarget section */
		44035361176A29C700FD0DCE /* SpotOn */ = {
			isa = PBXNativeTarget;
			buildConfigurationList = 44035394176A29C700FD0DCE /* Build configuration list for PBXNativeTarget "SpotOn" */;
			buildPhases = (
				4403535E176A29C700FD0DCE /* Sources */,
				4403535F176A29C700FD0DCE /* Frameworks */,
				44035360176A29C700FD0DCE /* Resources */,
			);
			buildRules = (
			);
			dependencies = (
			);
			name = SpotOn;
			productName = DotGame;
			productReference = 44035362176A29C700FD0DCE /* SpotOn.app */;
			productType = "com.apple.product-type.application";
		};
		44035381176A29C700FD0DCE /* SpotOnTests */ = {
			isa = PBXNativeTarget;
			buildConfigurationList = 44035397176A29C700FD0DCE /* Build configuration list for PBXNativeTarget "SpotOnTests" */;
			buildPhases = (
				4403537D176A29C700FD0DCE /* Sources */,
				4403537E176A29C700FD0DCE /* Frameworks */,
				4403537F176A29C700FD0DCE /* Resources */,
				44035380176A29C700FD0DCE /* ShellScript */,
			);
			buildRules = (
			);
			dependencies = (
				44035388176A29C700FD0DCE /* PBXTargetDependency */,
			);
			name = SpotOnTests;
			productName = DotGameTests;
			productReference = 44035382176A29C700FD0DCE /* SpotOnTests.octest */;
			productType = "com.apple.product-type.bundle";
		};
/* End PBXNativeTarget section */

/* Begin PBXProject section */
		4403535A176A29C700FD0DCE /* Project object */ = {
			isa = PBXProject;
			attributes = {
				CLASSPREFIX = SO;
				LastUpgradeCheck = 0460;
				ORGANIZATIONNAME = UEA;
			};
			buildConfigurationList = 4403535D176A29C700FD0DCE /* Build configuration list for PBXProject "SpotOn" */;
			compatibilityVersion = "Xcode 3.2";
			developmentRegion = English;
			hasScannedForEncodings = 0;
			knownRegions = (
				en,
			);
			mainGroup = 44035359176A29C700FD0DCE;
			productRefGroup = 44035363176A29C700FD0DCE /* Products */;
			projectDirPath = "";
			projectRoot = "";
			targets = (
				44035361176A29C700FD0DCE /* SpotOn */,
				44035381176A29C700FD0DCE /* SpotOnTests */,
			);
		};
/* End PBXProject section */

/* Begin PBXResourcesBuildPhase section */
		44035360176A29C700FD0DCE /* Resources */ = {
			isa = PBXResourcesBuildPhase;
			buildActionMask = 2147483647;
			files = (
				447EC2F9176D49EA00CBD11C /* submit_check.png in Resources */,
				44A64CC2176BDCFD00A3ECE6 /* GothamHTF-Light.otf in Resources */,
				447EC2F2176D42D300CBD11C /* Mockup2.jpeg in Resources */,
				447EC2FA176D49EA00CBD11C /* submit_check@2x.png in Resources */,
				446540ED176E673800C6BCA3 /* InfoPlist.strings in Resources */,
				44035378176A29C700FD0DCE /* Default.png in Resources */,
				4403537A176A29C700FD0DCE /* Default@2x.png in Resources */,
				447EC2F8176D49EA00CBD11C /* submit_check_active@2x.png in Resources */,
				44A64CC1176BDCFD00A3ECE6 /* GothamHTF-Book.otf in Resources */,
				4403537C176A29C700FD0DCE /* Default-568h@2x.png in Resources */,
				44A64CC4176BDCFD00A3ECE6 /* GothamHTF-Thin.otf in Resources */,
				447EC2BA176CD7AB00CBD11C /* Mockup.jpeg in Resources */,
				44A64CC0176BDCFD00A3ECE6 /* GothamHTF-Bold.otf in Resources */,
				447EC2F7176D49EA00CBD11C /* submit_check_active.png in Resources */,
				44A64CC3176BDCFD00A3ECE6 /* GothamHTF-Medium.otf in Resources */,
			);
			runOnlyForDeploymentPostprocessing = 0;
		};
		4403537F176A29C700FD0DCE /* Resources */ = {
			isa = PBXResourcesBuildPhase;
			buildActionMask = 2147483647;
			files = (
			);
			runOnlyForDeploymentPostprocessing = 0;
		};
/* End PBXResourcesBuildPhase section */

/* Begin PBXShellScriptBuildPhase section */
		44035380176A29C700FD0DCE /* ShellScript */ = {
			isa = PBXShellScriptBuildPhase;
			buildActionMask = 2147483647;
			files = (
			);
			inputPaths = (
			);
			outputPaths = (
			);
			runOnlyForDeploymentPostprocessing = 0;
			shellPath = /bin/sh;
			shellScript = "# Run the unit tests in this test bundle.\n\"${SYSTEM_DEVELOPER_DIR}/Tools/RunUnitTests\"\n";
		};
/* End PBXShellScriptBuildPhase section */

/* Begin PBXSourcesBuildPhase section */
		4403535E176A29C700FD0DCE /* Sources */ = {
			isa = PBXSourcesBuildPhase;
			buildActionMask = 2147483647;
			files = (
				447EC300176D87EA00CBD11C /* SOGuessFeedbackIndicator.m in Sources */,
				44035372176A29C700FD0DCE /* main.m in Sources */,
				44035376176A29C700FD0DCE /* SOAppDelegate.m in Sources */,
				4403539F176A29EE00FD0DCE /* SOGameViewController.m in Sources */,
				440353A1176A29EE00FD0DCE /* SOCircle.m in Sources */,
				4474C53B176AF2BB00FF5D7E /* SORecepticle.m in Sources */,
				4474C53F176B756F00FF5D7E /* SOCodeSelectionView.m in Sources */,
				4474C542176B986800FF5D7E /* SOPreviousGuessView.m in Sources */,
				44A64CB9176BD98300A3ECE6 /* SOPreviousGuessesView.m in Sources */,
				447EC2C1176D0A3700CBD11C /* SOPassAndPlayViewController.m in Sources */,
				446540F9176E6E4C00C6BCA3 /* SOViewController.m in Sources */,
				447EC2C4176D0B2E00CBD11C /* SOChooseCodeViewController.m in Sources */,
				447EC2CB176D328F00CBD11C /* SOPassAndPlayTransitionViewController.m in Sources */,
				447EC2C7176D2CDF00CBD11C /* SOMessageViewController.m in Sources */,
				44A64CC8176BDFE900A3ECE6 /* SOLine.m in Sources */,
				447EC2CE176D33DF00CBD11C /* SOSubmitButton.m in Sources */,
				446540FC176E726100C6BCA3 /* SOCodeDisplayView.m in Sources */,
				446540F6176E6DD800C6BCA3 /* SOGameResultViewController.m in Sources */,
				44BA53C1176EFAA5001CD03A /* SOTutorialViewController.m in Sources */,
				44BA53C4176EFCF7001CD03A /* SODialogViewController.m in Sources */,
				44BA53C0176EF6B4001CD03A /* SODialogView.m in Sources */,
				44BA53C8176F03C0001CD03A /* SOFirstTutorialViewController.m in Sources */,
			);
			runOnlyForDeploymentPostprocessing = 0;
		};
		4403537D176A29C700FD0DCE /* Sources */ = {
			isa = PBXSourcesBuildPhase;
			buildActionMask = 2147483647;
			files = (
				440353A0176A29EE00FD0DCE /* SOGameViewController.m in Sources */,
				440353A2176A29EE00FD0DCE /* SOCircle.m in Sources */,
			);
			runOnlyForDeploymentPostprocessing = 0;
		};
/* End PBXSourcesBuildPhase section */

/* Begin PBXTargetDependency section */
		44035388176A29C700FD0DCE /* PBXTargetDependency */ = {
			isa = PBXTargetDependency;
			target = 44035361176A29C700FD0DCE /* SpotOn */;
			targetProxy = 44035387176A29C700FD0DCE /* PBXContainerItemProxy */;
		};
/* End PBXTargetDependency section */

/* Begin PBXVariantGroup section */
		446540EF176E673800C6BCA3 /* InfoPlist.strings */ = {
			isa = PBXVariantGroup;
			children = (
				446540EE176E673800C6BCA3 /* en */,
			);
			name = InfoPlist.strings;
			sourceTree = "<group>";
		};
/* End PBXVariantGroup section */

/* Begin XCBuildConfiguration section */
		44035392176A29C700FD0DCE /* Debug */ = {
			isa = XCBuildConfiguration;
			buildSettings = {
				ALWAYS_SEARCH_USER_PATHS = NO;
				CLANG_CXX_LANGUAGE_STANDARD = "gnu++0x";
				CLANG_CXX_LIBRARY = "libc++";
				CLANG_WARN_CONSTANT_CONVERSION = YES;
				CLANG_WARN_EMPTY_BODY = YES;
				CLANG_WARN_ENUM_CONVERSION = YES;
				CLANG_WARN_INT_CONVERSION = YES;
				CLANG_WARN__DUPLICATE_METHOD_MATCH = YES;
				"CODE_SIGN_IDENTITY[sdk=iphoneos*]" = "iPhone Developer";
				COPY_PHASE_STRIP = NO;
				GCC_C_LANGUAGE_STANDARD = gnu99;
				GCC_DYNAMIC_NO_PIC = NO;
				GCC_OPTIMIZATION_LEVEL = 0;
				GCC_PREPROCESSOR_DEFINITIONS = (
					"DEBUG=1",
					"$(inherited)",
				);
				GCC_SYMBOLS_PRIVATE_EXTERN = NO;
				GCC_WARN_ABOUT_RETURN_TYPE = YES;
				GCC_WARN_UNINITIALIZED_AUTOS = YES;
				GCC_WARN_UNUSED_VARIABLE = YES;
				IPHONEOS_DEPLOYMENT_TARGET = 6.1;
				ONLY_ACTIVE_ARCH = YES;
				SDKROOT = iphoneos;
			};
			name = Debug;
		};
		44035393176A29C700FD0DCE /* Release */ = {
			isa = XCBuildConfiguration;
			buildSettings = {
				ALWAYS_SEARCH_USER_PATHS = NO;
				CLANG_CXX_LANGUAGE_STANDARD = "gnu++0x";
				CLANG_CXX_LIBRARY = "libc++";
				CLANG_WARN_CONSTANT_CONVERSION = YES;
				CLANG_WARN_EMPTY_BODY = YES;
				CLANG_WARN_ENUM_CONVERSION = YES;
				CLANG_WARN_INT_CONVERSION = YES;
				CLANG_WARN__DUPLICATE_METHOD_MATCH = YES;
				"CODE_SIGN_IDENTITY[sdk=iphoneos*]" = "iPhone Developer";
				COPY_PHASE_STRIP = YES;
				GCC_C_LANGUAGE_STANDARD = gnu99;
				GCC_WARN_ABOUT_RETURN_TYPE = YES;
				GCC_WARN_UNINITIALIZED_AUTOS = YES;
				GCC_WARN_UNUSED_VARIABLE = YES;
				IPHONEOS_DEPLOYMENT_TARGET = 6.1;
				OTHER_CFLAGS = "-DNS_BLOCK_ASSERTIONS=1";
				SDKROOT = iphoneos;
				VALIDATE_PRODUCT = YES;
			};
			name = Release;
		};
		44035395176A29C700FD0DCE /* Debug */ = {
			isa = XCBuildConfiguration;
			buildSettings = {
				CODE_SIGN_IDENTITY = "iPhone Developer";
				FRAMEWORK_SEARCH_PATHS = (
					"$(inherited)",
					"$(SYSTEM_APPS_DIR)/Xcode5-DP.app/Contents/Developer/Library/Frameworks",
				);
				GCC_PRECOMPILE_PREFIX_HEADER = YES;
				GCC_PREFIX_HEADER = "SpotOn/SpotOn-Prefix.pch";
				INFOPLIST_FILE = "$(SRCROOT)/SpotOn/SpotOn-Info.plist";
				PRODUCT_NAME = SpotOn;
				WRAPPER_EXTENSION = app;
			};
			name = Debug;
		};
		44035396176A29C700FD0DCE /* Release */ = {
			isa = XCBuildConfiguration;
			buildSettings = {
				CODE_SIGN_IDENTITY = "iPhone Developer";
				FRAMEWORK_SEARCH_PATHS = (
					"$(inherited)",
					"$(SYSTEM_APPS_DIR)/Xcode5-DP.app/Contents/Developer/Library/Frameworks",
				);
				GCC_PRECOMPILE_PREFIX_HEADER = YES;
				GCC_PREFIX_HEADER = "SpotOn/SpotOn-Prefix.pch";
				INFOPLIST_FILE = "$(SRCROOT)/SpotOn/SpotOn-Info.plist";
				PRODUCT_NAME = SpotOn;
				WRAPPER_EXTENSION = app;
			};
			name = Release;
		};
		44035398176A29C700FD0DCE /* Debug */ = {
			isa = XCBuildConfiguration;
			buildSettings = {
				BUNDLE_LOADER = "$(BUILT_PRODUCTS_DIR)/DotGame.app/DotGame";
				FRAMEWORK_SEARCH_PATHS = (
					"\"$(SDKROOT)/Developer/Library/Frameworks\"",
					"\"$(DEVELOPER_LIBRARY_DIR)/Frameworks\"",
				);
				GCC_PRECOMPILE_PREFIX_HEADER = YES;
				GCC_PREFIX_HEADER = "DotGame/DotGame-Prefix.pch";
				INFOPLIST_FILE = "DotGameTests/SpotOnTests-Info.plist";
				PRODUCT_NAME = SpotOnTests;
				TEST_HOST = "$(BUNDLE_LOADER)";
				WRAPPER_EXTENSION = octest;
			};
			name = Debug;
		};
		44035399176A29C700FD0DCE /* Release */ = {
			isa = XCBuildConfiguration;
			buildSettings = {
				BUNDLE_LOADER = "$(BUILT_PRODUCTS_DIR)/DotGame.app/DotGame";
				FRAMEWORK_SEARCH_PATHS = (
					"\"$(SDKROOT)/Developer/Library/Frameworks\"",
					"\"$(DEVELOPER_LIBRARY_DIR)/Frameworks\"",
				);
				GCC_PRECOMPILE_PREFIX_HEADER = YES;
				GCC_PREFIX_HEADER = "DotGame/DotGame-Prefix.pch";
				INFOPLIST_FILE = "DotGameTests/SpotOnTests-Info.plist";
				PRODUCT_NAME = SpotOnTests;
				TEST_HOST = "$(BUNDLE_LOADER)";
				WRAPPER_EXTENSION = octest;
			};
			name = Release;
		};
/* End XCBuildConfiguration section */

/* Begin XCConfigurationList section */
		4403535D176A29C700FD0DCE /* Build configuration list for PBXProject "SpotOn" */ = {
			isa = XCConfigurationList;
			buildConfigurations = (
				44035392176A29C700FD0DCE /* Debug */,
				44035393176A29C700FD0DCE /* Release */,
			);
			defaultConfigurationIsVisible = 0;
			defaultConfigurationName = Release;
		};
		44035394176A29C700FD0DCE /* Build configuration list for PBXNativeTarget "SpotOn" */ = {
			isa = XCConfigurationList;
			buildConfigurations = (
				44035395176A29C700FD0DCE /* Debug */,
				44035396176A29C700FD0DCE /* Release */,
			);
			defaultConfigurationIsVisible = 0;
			defaultConfigurationName = Release;
		};
		44035397176A29C700FD0DCE /* Build configuration list for PBXNativeTarget "SpotOnTests" */ = {
			isa = XCConfigurationList;
			buildConfigurations = (
				44035398176A29C700FD0DCE /* Debug */,
				44035399176A29C700FD0DCE /* Release */,
			);
			defaultConfigurationIsVisible = 0;
			defaultConfigurationName = Release;
		};
/* End XCConfigurationList section */
	};
	rootObject = 4403535A176A29C700FD0DCE /* Project object */;
}
